// !$*UTF8*$!
{
	archiveVersion = 1;
	classes = {
	};
	objectVersion = 56;
	objects = {

/* Begin PBXBuildFile section */
		1D37CDB52A018CE900DB0A36 /* MyPage.swift in Sources */ = {isa = PBXBuildFile; fileRef = 1D37CDB42A018CE900DB0A36 /* MyPage.swift */; };
		1D37CDB72A0198C200DB0A36 /* TextLiteral.swift in Sources */ = {isa = PBXBuildFile; fileRef = 1D37CDB62A0198C200DB0A36 /* TextLiteral.swift */; };
		1D37CDB92A01998500DB0A36 /* MyPageTableViewController.swift in Sources */ = {isa = PBXBuildFile; fileRef = 1D37CDB82A01998500DB0A36 /* MyPageTableViewController.swift */; };
		1D37CDBB2A01FD6600DB0A36 /* UIColor+.swift in Sources */ = {isa = PBXBuildFile; fileRef = 1D37CDBA2A01FD6600DB0A36 /* UIColor+.swift */; };
		1D468B4929FCF17F00889A86 /* AppDelegate.swift in Sources */ = {isa = PBXBuildFile; fileRef = 1D468B4829FCF17F00889A86 /* AppDelegate.swift */; };
		1D468B4B29FCF17F00889A86 /* SceneDelegate.swift in Sources */ = {isa = PBXBuildFile; fileRef = 1D468B4A29FCF17F00889A86 /* SceneDelegate.swift */; };
		1D468B4D29FCF17F00889A86 /* ViewController.swift in Sources */ = {isa = PBXBuildFile; fileRef = 1D468B4C29FCF17F00889A86 /* ViewController.swift */; };
		1D468B5029FCF17F00889A86 /* Main.storyboard in Resources */ = {isa = PBXBuildFile; fileRef = 1D468B4E29FCF17F00889A86 /* Main.storyboard */; };
		1D468B5229FCF18000889A86 /* Assets.xcassets in Resources */ = {isa = PBXBuildFile; fileRef = 1D468B5129FCF18000889A86 /* Assets.xcassets */; };
		1D468B5529FCF18000889A86 /* LaunchScreen.storyboard in Resources */ = {isa = PBXBuildFile; fileRef = 1D468B5329FCF18000889A86 /* LaunchScreen.storyboard */; };
		1D468B6B29FD2D2500889A86 /* BaseView.swift in Sources */ = {isa = PBXBuildFile; fileRef = 1D468B6A29FD2D2500889A86 /* BaseView.swift */; };
		1D468B6D29FD2D5400889A86 /* BaseViewController.swift in Sources */ = {isa = PBXBuildFile; fileRef = 1D468B6C29FD2D5400889A86 /* BaseViewController.swift */; };
		1D468B7029FD2D8800889A86 /* UIImage+.swift in Sources */ = {isa = PBXBuildFile; fileRef = 1D468B6F29FD2D8800889A86 /* UIImage+.swift */; };
		1D468B7229FD2DA400889A86 /* MyPageViewController.swift in Sources */ = {isa = PBXBuildFile; fileRef = 1D468B7129FD2DA400889A86 /* MyPageViewController.swift */; };
		1D468B7429FD2DD000889A86 /* MyPageTableViewCell.swift in Sources */ = {isa = PBXBuildFile; fileRef = 1D468B7329FD2DD000889A86 /* MyPageTableViewCell.swift */; };
		1D468B7829FD2E2A00889A86 /* MyPageHeaderView.swift in Sources */ = {isa = PBXBuildFile; fileRef = 1D468B7729FD2E2A00889A86 /* MyPageHeaderView.swift */; };
		1D468B7A29FD2E3A00889A86 /* MyPageFooterView.swift in Sources */ = {isa = PBXBuildFile; fileRef = 1D468B7929FD2E3A00889A86 /* MyPageFooterView.swift */; };
		1D468B7D29FD2F7100889A86 /* SnapKit in Frameworks */ = {isa = PBXBuildFile; productRef = 1D468B7C29FD2F7100889A86 /* SnapKit */; };
		1D468B8029FD2FAD00889A86 /* Then in Frameworks */ = {isa = PBXBuildFile; productRef = 1D468B7F29FD2FAD00889A86 /* Then */; };
/* End PBXBuildFile section */

/* Begin PBXFileReference section */
		1D37CDB42A018CE900DB0A36 /* MyPage.swift */ = {isa = PBXFileReference; lastKnownFileType = sourcecode.swift; path = MyPage.swift; sourceTree = "<group>"; };
		1D37CDB62A0198C200DB0A36 /* TextLiteral.swift */ = {isa = PBXFileReference; lastKnownFileType = sourcecode.swift; path = TextLiteral.swift; sourceTree = "<group>"; };
		1D37CDB82A01998500DB0A36 /* MyPageTableViewController.swift */ = {isa = PBXFileReference; lastKnownFileType = sourcecode.swift; path = MyPageTableViewController.swift; sourceTree = "<group>"; };
		1D37CDBA2A01FD6600DB0A36 /* UIColor+.swift */ = {isa = PBXFileReference; lastKnownFileType = sourcecode.swift; path = "UIColor+.swift"; sourceTree = "<group>"; };
		1D468B4529FCF17F00889A86 /* MyPage.app */ = {isa = PBXFileReference; explicitFileType = wrapper.application; includeInIndex = 0; path = MyPage.app; sourceTree = BUILT_PRODUCTS_DIR; };
		1D468B4829FCF17F00889A86 /* AppDelegate.swift */ = {isa = PBXFileReference; lastKnownFileType = sourcecode.swift; path = AppDelegate.swift; sourceTree = "<group>"; };
		1D468B4A29FCF17F00889A86 /* SceneDelegate.swift */ = {isa = PBXFileReference; lastKnownFileType = sourcecode.swift; path = SceneDelegate.swift; sourceTree = "<group>"; };
		1D468B4C29FCF17F00889A86 /* ViewController.swift */ = {isa = PBXFileReference; lastKnownFileType = sourcecode.swift; path = ViewController.swift; sourceTree = "<group>"; };
		1D468B4F29FCF17F00889A86 /* Base */ = {isa = PBXFileReference; lastKnownFileType = file.storyboard; name = Base; path = Base.lproj/Main.storyboard; sourceTree = "<group>"; };
		1D468B5129FCF18000889A86 /* Assets.xcassets */ = {isa = PBXFileReference; lastKnownFileType = folder.assetcatalog; path = Assets.xcassets; sourceTree = "<group>"; };
		1D468B5429FCF18000889A86 /* Base */ = {isa = PBXFileReference; lastKnownFileType = file.storyboard; name = Base; path = Base.lproj/LaunchScreen.storyboard; sourceTree = "<group>"; };
		1D468B5629FCF18000889A86 /* Info.plist */ = {isa = PBXFileReference; lastKnownFileType = text.plist.xml; path = Info.plist; sourceTree = "<group>"; };
		1D468B6A29FD2D2500889A86 /* BaseView.swift */ = {isa = PBXFileReference; lastKnownFileType = sourcecode.swift; path = BaseView.swift; sourceTree = "<group>"; };
		1D468B6C29FD2D5400889A86 /* BaseViewController.swift */ = {isa = PBXFileReference; lastKnownFileType = sourcecode.swift; path = BaseViewController.swift; sourceTree = "<group>"; };
		1D468B6F29FD2D8800889A86 /* UIImage+.swift */ = {isa = PBXFileReference; lastKnownFileType = sourcecode.swift; path = "UIImage+.swift"; sourceTree = "<group>"; };
		1D468B7129FD2DA400889A86 /* MyPageViewController.swift */ = {isa = PBXFileReference; lastKnownFileType = sourcecode.swift; path = MyPageViewController.swift; sourceTree = "<group>"; };
		1D468B7329FD2DD000889A86 /* MyPageTableViewCell.swift */ = {isa = PBXFileReference; lastKnownFileType = sourcecode.swift; path = MyPageTableViewCell.swift; sourceTree = "<group>"; };
		1D468B7729FD2E2A00889A86 /* MyPageHeaderView.swift */ = {isa = PBXFileReference; lastKnownFileType = sourcecode.swift; path = MyPageHeaderView.swift; sourceTree = "<group>"; };
		1D468B7929FD2E3A00889A86 /* MyPageFooterView.swift */ = {isa = PBXFileReference; lastKnownFileType = sourcecode.swift; path = MyPageFooterView.swift; sourceTree = "<group>"; };
/* End PBXFileReference section */

/* Begin PBXFrameworksBuildPhase section */
		1D468B4229FCF17F00889A86 /* Frameworks */ = {
			isa = PBXFrameworksBuildPhase;
			buildActionMask = 2147483647;
			files = (
				1D468B7D29FD2F7100889A86 /* SnapKit in Frameworks */,
				1D468B8029FD2FAD00889A86 /* Then in Frameworks */,
			);
			runOnlyForDeploymentPostprocessing = 0;
		};
/* End PBXFrameworksBuildPhase section */

/* Begin PBXGroup section */
		1D468B3C29FCF17F00889A86 = {
			isa = PBXGroup;
			children = (
				1D468B6E29FD2D6100889A86 /* MyPage */,
				1D468B6929FD2D0000889A86 /* BaseCustom */,
				1D468B4729FCF17F00889A86 /* Global */,
				1D468B4629FCF17F00889A86 /* Products */,
			);
			sourceTree = "<group>";
		};
		1D468B4629FCF17F00889A86 /* Products */ = {
			isa = PBXGroup;
			children = (
				1D468B4529FCF17F00889A86 /* MyPage.app */,
			);
			name = Products;
			sourceTree = "<group>";
		};
		1D468B4729FCF17F00889A86 /* Global */ = {
			isa = PBXGroup;
			children = (
				1D468B4829FCF17F00889A86 /* AppDelegate.swift */,
				1D468B4A29FCF17F00889A86 /* SceneDelegate.swift */,
				1D468B4C29FCF17F00889A86 /* ViewController.swift */,
				1D468B4E29FCF17F00889A86 /* Main.storyboard */,
				1D468B5129FCF18000889A86 /* Assets.xcassets */,
				1D468B5329FCF18000889A86 /* LaunchScreen.storyboard */,
				1D468B5629FCF18000889A86 /* Info.plist */,
				1D468B6F29FD2D8800889A86 /* UIImage+.swift */,
				1D37CDBA2A01FD6600DB0A36 /* UIColor+.swift */,
				1D37CDB62A0198C200DB0A36 /* TextLiteral.swift */,
			);
			path = Global;
			sourceTree = "<group>";
		};
		1D468B6929FD2D0000889A86 /* BaseCustom */ = {
			isa = PBXGroup;
			children = (
				1D37CDB82A01998500DB0A36 /* MyPageTableViewController.swift */,
				1D468B6A29FD2D2500889A86 /* BaseView.swift */,
				1D468B6C29FD2D5400889A86 /* BaseViewController.swift */,
			);
			path = BaseCustom;
			sourceTree = "<group>";
		};
		1D468B6E29FD2D6100889A86 /* MyPage */ = {
			isa = PBXGroup;
			children = (
				1D468B7129FD2DA400889A86 /* MyPageViewController.swift */,
				1D468B7729FD2E2A00889A86 /* MyPageHeaderView.swift */,
				1D468B7329FD2DD000889A86 /* MyPageTableViewCell.swift */,
				1D468B7929FD2E3A00889A86 /* MyPageFooterView.swift */,
				1D37CDB42A018CE900DB0A36 /* MyPage.swift */,
			);
			path = MyPage;
			sourceTree = "<group>";
		};
/* End PBXGroup section */

/* Begin PBXNativeTarget section */
		1D468B4429FCF17F00889A86 /* MyPage */ = {
			isa = PBXNativeTarget;
			buildConfigurationList = 1D468B5929FCF18000889A86 /* Build configuration list for PBXNativeTarget "MyPage" */;
			buildPhases = (
				1D468B4129FCF17F00889A86 /* Sources */,
				1D468B4229FCF17F00889A86 /* Frameworks */,
				1D468B4329FCF17F00889A86 /* Resources */,
			);
			buildRules = (
			);
			dependencies = (
			);
			name = MyPage;
			packageProductDependencies = (
				1D468B7C29FD2F7100889A86 /* SnapKit */,
				1D468B7F29FD2FAD00889A86 /* Then */,
			);
			productName = MyPage;
			productReference = 1D468B4529FCF17F00889A86 /* MyPage.app */;
			productType = "com.apple.product-type.application";
		};
/* End PBXNativeTarget section */

/* Begin PBXProject section */
		1D468B3D29FCF17F00889A86 /* Project object */ = {
			isa = PBXProject;
			attributes = {
				BuildIndependentTargetsInParallel = 1;
				LastSwiftUpdateCheck = 1420;
				LastUpgradeCheck = 1420;
				TargetAttributes = {
					1D468B4429FCF17F00889A86 = {
						CreatedOnToolsVersion = 14.2;
					};
				};
			};
			buildConfigurationList = 1D468B4029FCF17F00889A86 /* Build configuration list for PBXProject "MyPage" */;
			compatibilityVersion = "Xcode 14.0";
			developmentRegion = en;
			hasScannedForEncodings = 0;
			knownRegions = (
				en,
				Base,
			);
			mainGroup = 1D468B3C29FCF17F00889A86;
			packageReferences = (
				1D468B7B29FD2F7100889A86 /* XCRemoteSwiftPackageReference "SnapKit" */,
				1D468B7E29FD2FAD00889A86 /* XCRemoteSwiftPackageReference "Then" */,
			);
			productRefGroup = 1D468B4629FCF17F00889A86 /* Products */;
			projectDirPath = "";
			projectRoot = "";
			targets = (
				1D468B4429FCF17F00889A86 /* MyPage */,
			);
		};
/* End PBXProject section */

/* Begin PBXResourcesBuildPhase section */
		1D468B4329FCF17F00889A86 /* Resources */ = {
			isa = PBXResourcesBuildPhase;
			buildActionMask = 2147483647;
			files = (
				1D468B5529FCF18000889A86 /* LaunchScreen.storyboard in Resources */,
				1D468B5229FCF18000889A86 /* Assets.xcassets in Resources */,
				1D468B5029FCF17F00889A86 /* Main.storyboard in Resources */,
			);
			runOnlyForDeploymentPostprocessing = 0;
		};
/* End PBXResourcesBuildPhase section */

/* Begin PBXSourcesBuildPhase section */
		1D468B4129FCF17F00889A86 /* Sources */ = {
			isa = PBXSourcesBuildPhase;
			buildActionMask = 2147483647;
			files = (
				1D468B7A29FD2E3A00889A86 /* MyPageFooterView.swift in Sources */,
				1D37CDBB2A01FD6600DB0A36 /* UIColor+.swift in Sources */,
				1D37CDB52A018CE900DB0A36 /* MyPage.swift in Sources */,
				1D37CDB72A0198C200DB0A36 /* TextLiteral.swift in Sources */,
				1D468B6D29FD2D5400889A86 /* BaseViewController.swift in Sources */,
				1D468B4D29FCF17F00889A86 /* ViewController.swift in Sources */,
				1D468B7429FD2DD000889A86 /* MyPageTableViewCell.swift in Sources */,
				1D468B7829FD2E2A00889A86 /* MyPageHeaderView.swift in Sources */,
				1D468B7229FD2DA400889A86 /* MyPageViewController.swift in Sources */,
				1D37CDB92A01998500DB0A36 /* MyPageTableViewController.swift in Sources */,
				1D468B4929FCF17F00889A86 /* AppDelegate.swift in Sources */,
				1D468B7029FD2D8800889A86 /* UIImage+.swift in Sources */,
				1D468B4B29FCF17F00889A86 /* SceneDelegate.swift in Sources */,
				1D468B6B29FD2D2500889A86 /* BaseView.swift in Sources */,
			);
			runOnlyForDeploymentPostprocessing = 0;
		};
/* End PBXSourcesBuildPhase section */

/* Begin PBXVariantGroup section */
		1D468B4E29FCF17F00889A86 /* Main.storyboard */ = {
			isa = PBXVariantGroup;
			children = (
				1D468B4F29FCF17F00889A86 /* Base */,
			);
			name = Main.storyboard;
			sourceTree = "<group>";
		};
		1D468B5329FCF18000889A86 /* LaunchScreen.storyboard */ = {
			isa = PBXVariantGroup;
			children = (
				1D468B5429FCF18000889A86 /* Base */,
			);
			name = LaunchScreen.storyboard;
			sourceTree = "<group>";
		};
/* End PBXVariantGroup section */

/* Begin XCBuildConfiguration section */
		1D468B5729FCF18000889A86 /* Debug */ = {
			isa = XCBuildConfiguration;
			buildSettings = {
				ALWAYS_SEARCH_USER_PATHS = NO;
				CLANG_ANALYZER_NONNULL = YES;
				CLANG_ANALYZER_NUMBER_OBJECT_CONVERSION = YES_AGGRESSIVE;
				CLANG_CXX_LANGUAGE_STANDARD = "gnu++20";
				CLANG_ENABLE_MODULES = YES;
				CLANG_ENABLE_OBJC_ARC = YES;
				CLANG_ENABLE_OBJC_WEAK = YES;
				CLANG_WARN_BLOCK_CAPTURE_AUTORELEASING = YES;
				CLANG_WARN_BOOL_CONVERSION = YES;
				CLANG_WARN_COMMA = YES;
				CLANG_WARN_CONSTANT_CONVERSION = YES;
				CLANG_WARN_DEPRECATED_OBJC_IMPLEMENTATIONS = YES;
				CLANG_WARN_DIRECT_OBJC_ISA_USAGE = YES_ERROR;
				CLANG_WARN_DOCUMENTATION_COMMENTS = YES;
				CLANG_WARN_EMPTY_BODY = YES;
				CLANG_WARN_ENUM_CONVERSION = YES;
				CLANG_WARN_INFINITE_RECURSION = YES;
				CLANG_WARN_INT_CONVERSION = YES;
				CLANG_WARN_NON_LITERAL_NULL_CONVERSION = YES;
				CLANG_WARN_OBJC_IMPLICIT_RETAIN_SELF = YES;
				CLANG_WARN_OBJC_LITERAL_CONVERSION = YES;
				CLANG_WARN_OBJC_ROOT_CLASS = YES_ERROR;
				CLANG_WARN_QUOTED_INCLUDE_IN_FRAMEWORK_HEADER = YES;
				CLANG_WARN_RANGE_LOOP_ANALYSIS = YES;
				CLANG_WARN_STRICT_PROTOTYPES = YES;
				CLANG_WARN_SUSPICIOUS_MOVE = YES;
				CLANG_WARN_UNGUARDED_AVAILABILITY = YES_AGGRESSIVE;
				CLANG_WARN_UNREACHABLE_CODE = YES;
				CLANG_WARN__DUPLICATE_METHOD_MATCH = YES;
				COPY_PHASE_STRIP = NO;
				DEBUG_INFORMATION_FORMAT = dwarf;
				ENABLE_STRICT_OBJC_MSGSEND = YES;
				ENABLE_TESTABILITY = YES;
				GCC_C_LANGUAGE_STANDARD = gnu11;
				GCC_DYNAMIC_NO_PIC = NO;
				GCC_NO_COMMON_BLOCKS = YES;
				GCC_OPTIMIZATION_LEVEL = 0;
				GCC_PREPROCESSOR_DEFINITIONS = (
					"DEBUG=1",
					"$(inherited)",
				);
				GCC_WARN_64_TO_32_BIT_CONVERSION = YES;
				GCC_WARN_ABOUT_RETURN_TYPE = YES_ERROR;
				GCC_WARN_UNDECLARED_SELECTOR = YES;
				GCC_WARN_UNINITIALIZED_AUTOS = YES_AGGRESSIVE;
				GCC_WARN_UNUSED_FUNCTION = YES;
				GCC_WARN_UNUSED_VARIABLE = YES;
				IPHONEOS_DEPLOYMENT_TARGET = 16.2;
				MTL_ENABLE_DEBUG_INFO = INCLUDE_SOURCE;
				MTL_FAST_MATH = YES;
				ONLY_ACTIVE_ARCH = YES;
				SDKROOT = iphoneos;
				SWIFT_ACTIVE_COMPILATION_CONDITIONS = DEBUG;
				SWIFT_OPTIMIZATION_LEVEL = "-Onone";
			};
			name = Debug;
		};
		1D468B5829FCF18000889A86 /* Release */ = {
			isa = XCBuildConfiguration;
			buildSettings = {
				ALWAYS_SEARCH_USER_PATHS = NO;
				CLANG_ANALYZER_NONNULL = YES;
				CLANG_ANALYZER_NUMBER_OBJECT_CONVERSION = YES_AGGRESSIVE;
				CLANG_CXX_LANGUAGE_STANDARD = "gnu++20";
				CLANG_ENABLE_MODULES = YES;
				CLANG_ENABLE_OBJC_ARC = YES;
				CLANG_ENABLE_OBJC_WEAK = YES;
				CLANG_WARN_BLOCK_CAPTURE_AUTORELEASING = YES;
				CLANG_WARN_BOOL_CONVERSION = YES;
				CLANG_WARN_COMMA = YES;
				CLANG_WARN_CONSTANT_CONVERSION = YES;
				CLANG_WARN_DEPRECATED_OBJC_IMPLEMENTATIONS = YES;
				CLANG_WARN_DIRECT_OBJC_ISA_USAGE = YES_ERROR;
				CLANG_WARN_DOCUMENTATION_COMMENTS = YES;
				CLANG_WARN_EMPTY_BODY = YES;
				CLANG_WARN_ENUM_CONVERSION = YES;
				CLANG_WARN_INFINITE_RECURSION = YES;
				CLANG_WARN_INT_CONVERSION = YES;
				CLANG_WARN_NON_LITERAL_NULL_CONVERSION = YES;
				CLANG_WARN_OBJC_IMPLICIT_RETAIN_SELF = YES;
				CLANG_WARN_OBJC_LITERAL_CONVERSION = YES;
				CLANG_WARN_OBJC_ROOT_CLASS = YES_ERROR;
				CLANG_WARN_QUOTED_INCLUDE_IN_FRAMEWORK_HEADER = YES;
				CLANG_WARN_RANGE_LOOP_ANALYSIS = YES;
				CLANG_WARN_STRICT_PROTOTYPES = YES;
				CLANG_WARN_SUSPICIOUS_MOVE = YES;
				CLANG_WARN_UNGUARDED_AVAILABILITY = YES_AGGRESSIVE;
				CLANG_WARN_UNREACHABLE_CODE = YES;
				CLANG_WARN__DUPLICATE_METHOD_MATCH = YES;
				COPY_PHASE_STRIP = NO;
				DEBUG_INFORMATION_FORMAT = "dwarf-with-dsym";
				ENABLE_NS_ASSERTIONS = NO;
				ENABLE_STRICT_OBJC_MSGSEND = YES;
				GCC_C_LANGUAGE_STANDARD = gnu11;
				GCC_NO_COMMON_BLOCKS = YES;
				GCC_WARN_64_TO_32_BIT_CONVERSION = YES;
				GCC_WARN_ABOUT_RETURN_TYPE = YES_ERROR;
				GCC_WARN_UNDECLARED_SELECTOR = YES;
				GCC_WARN_UNINITIALIZED_AUTOS = YES_AGGRESSIVE;
				GCC_WARN_UNUSED_FUNCTION = YES;
				GCC_WARN_UNUSED_VARIABLE = YES;
				IPHONEOS_DEPLOYMENT_TARGET = 16.2;
				MTL_ENABLE_DEBUG_INFO = NO;
				MTL_FAST_MATH = YES;
				SDKROOT = iphoneos;
				SWIFT_COMPILATION_MODE = wholemodule;
				SWIFT_OPTIMIZATION_LEVEL = "-O";
				VALIDATE_PRODUCT = YES;
			};
			name = Release;
		};
		1D468B5A29FCF18000889A86 /* Debug */ = {
			isa = XCBuildConfiguration;
			buildSettings = {
				ASSETCATALOG_COMPILER_APPICON_NAME = AppIcon;
				ASSETCATALOG_COMPILER_GLOBAL_ACCENT_COLOR_NAME = AccentColor;
				CODE_SIGN_STYLE = Automatic;
				CURRENT_PROJECT_VERSION = 1;
				DEVELOPMENT_TEAM = D2Z7W8F79Y;
				GENERATE_INFOPLIST_FILE = YES;
				INFOPLIST_FILE = MyPage/Info.plist;
				INFOPLIST_KEY_UIApplicationSupportsIndirectInputEvents = YES;
				INFOPLIST_KEY_UILaunchStoryboardName = LaunchScreen;
				INFOPLIST_KEY_UIMainStoryboardFile = Main;
				INFOPLIST_KEY_UISupportedInterfaceOrientations_iPad = "UIInterfaceOrientationPortrait UIInterfaceOrientationPortraitUpsideDown UIInterfaceOrientationLandscapeLeft UIInterfaceOrientationLandscapeRight";
				INFOPLIST_KEY_UISupportedInterfaceOrientations_iPhone = "UIInterfaceOrientationPortrait UIInterfaceOrientationLandscapeLeft UIInterfaceOrientationLandscapeRight";
				LD_RUNPATH_SEARCH_PATHS = (
					"$(inherited)",
					"@executable_path/Frameworks",
				);
				MARKETING_VERSION = 1.0;
				PRODUCT_BUNDLE_IDENTIFIER = None.MyPage;
				PRODUCT_NAME = "$(TARGET_NAME)";
				SWIFT_EMIT_LOC_STRINGS = YES;
				SWIFT_VERSION = 5.0;
				TARGETED_DEVICE_FAMILY = "1,2";
			};
			name = Debug;
		};
		1D468B5B29FCF18000889A86 /* Release */ = {
			isa = XCBuildConfiguration;
			buildSettings = {
				ASSETCATALOG_COMPILER_APPICON_NAME = AppIcon;
				ASSETCATALOG_COMPILER_GLOBAL_ACCENT_COLOR_NAME = AccentColor;
				CODE_SIGN_STYLE = Automatic;
				CURRENT_PROJECT_VERSION = 1;
				DEVELOPMENT_TEAM = D2Z7W8F79Y;
				GENERATE_INFOPLIST_FILE = YES;
				INFOPLIST_FILE = MyPage/Info.plist;
				INFOPLIST_KEY_UIApplicationSupportsIndirectInputEvents = YES;
				INFOPLIST_KEY_UILaunchStoryboardName = LaunchScreen;
				INFOPLIST_KEY_UIMainStoryboardFile = Main;
				INFOPLIST_KEY_UISupportedInterfaceOrientations_iPad = "UIInterfaceOrientationPortrait UIInterfaceOrientationPortraitUpsideDown UIInterfaceOrientationLandscapeLeft UIInterfaceOrientationLandscapeRight";
				INFOPLIST_KEY_UISupportedInterfaceOrientations_iPhone = "UIInterfaceOrientationPortrait UIInterfaceOrientationLandscapeLeft UIInterfaceOrientationLandscapeRight";
				LD_RUNPATH_SEARCH_PATHS = (
					"$(inherited)",
					"@executable_path/Frameworks",
				);
				MARKETING_VERSION = 1.0;
				PRODUCT_BUNDLE_IDENTIFIER = None.MyPage;
				PRODUCT_NAME = "$(TARGET_NAME)";
				SWIFT_EMIT_LOC_STRINGS = YES;
				SWIFT_VERSION = 5.0;
				TARGETED_DEVICE_FAMILY = "1,2";
			};
			name = Release;
		};
/* End XCBuildConfiguration section */

/* Begin XCConfigurationList section */
		1D468B4029FCF17F00889A86 /* Build configuration list for PBXProject "MyPage" */ = {
			isa = XCConfigurationList;
			buildConfigurations = (
				1D468B5729FCF18000889A86 /* Debug */,
				1D468B5829FCF18000889A86 /* Release */,
			);
			defaultConfigurationIsVisible = 0;
			defaultConfigurationName = Release;
		};
		1D468B5929FCF18000889A86 /* Build configuration list for PBXNativeTarget "MyPage" */ = {
			isa = XCConfigurationList;
			buildConfigurations = (
				1D468B5A29FCF18000889A86 /* Debug */,
				1D468B5B29FCF18000889A86 /* Release */,
			);
			defaultConfigurationIsVisible = 0;
			defaultConfigurationName = Release;
		};
/* End XCConfigurationList section */

/* Begin XCRemoteSwiftPackageReference section */
		1D468B7B29FD2F7100889A86 /* XCRemoteSwiftPackageReference "SnapKit" */ = {
			isa = XCRemoteSwiftPackageReference;
			repositoryURL = "https://github.com/SnapKit/SnapKit.git";
			requirement = {
				branch = develop;
				kind = branch;
			};
		};
		1D468B7E29FD2FAD00889A86 /* XCRemoteSwiftPackageReference "Then" */ = {
			isa = XCRemoteSwiftPackageReference;
			repositoryURL = "https://github.com/devxoul/Then.git";
			requirement = {
				branch = master;
				kind = branch;
			};
		};
/* End XCRemoteSwiftPackageReference section */

/* Begin XCSwiftPackageProductDependency section */
		1D468B7C29FD2F7100889A86 /* SnapKit */ = {
			isa = XCSwiftPackageProductDependency;
			package = 1D468B7B29FD2F7100889A86 /* XCRemoteSwiftPackageReference "SnapKit" */;
			productName = SnapKit;
		};
		1D468B7F29FD2FAD00889A86 /* Then */ = {
			isa = XCSwiftPackageProductDependency;
			package = 1D468B7E29FD2FAD00889A86 /* XCRemoteSwiftPackageReference "Then" */;
			productName = Then;
		};
/* End XCSwiftPackageProductDependency section */
	};
	rootObject = 1D468B3D29FCF17F00889A86 /* Project object */;
}
